
Microsoft Visual Studio Solution File, Format Version 12.00
# Visual Studio Version 17
VisualStudioVersion = 17.4.33205.214
MinimumVisualStudioVersion = 10.0.40219.1
Project("{FAE04EC0-301F-11D3-BF4B-00C04F79EFBC}") = "Exercise 1 - Dice", "Exercise 1 - Dice\Exercise 1 - Dice.csproj", "{82A9DD38-5A4E-4A44-B20F-78CB9B46FFDE}"
EndProject
Project("{FAE04EC0-301F-11D3-BF4B-00C04F79EFBC}") = "Exercise 2 - Student", "Exercise 2 - Student\Exercise 2 - Student.csproj", "{9E98A53C-64E6-4730-9DB6-9B391BAC477C}"
EndProject
Project("{FAE04EC0-301F-11D3-BF4B-00C04F79EFBC}") = "Exercise 3 - Song", "Exercise 3 - Song\Exercise 3 - Song.csproj", "{189D455E-52CE-4161-8157-88158573F607}"
EndProject
Project("{FAE04EC0-301F-11D3-BF4B-00C04F79EFBC}") = "Exercise 4 - Fraction", "Exercise 4 - Fraction\Exercise 4 - Fraction.csproj", "{91F3B34F-6A5F-48E6-BE82-2ADEE2F67B24}"
EndProject
Project("{FAE04EC0-301F-11D3-BF4B-00C04F79EFBC}") = "PrintStart", "PrintStart\PrintStart.csproj", "{96F66903-EA23-4431-94B1-72D03A0FC263}"
EndProject
Project("{FAE04EC0-301F-11D3-BF4B-00C04F79EFBC}") = "Person", "Person\Person.csproj", "{EE5074F8-48E4-424D-A6CF-A1E6F2A20AE6}"
EndProject
Project("{FAE04EC0-301F-11D3-BF4B-00C04F79EFBC}") = "Inheritance 2 - 2 - 2023", "Inheritance 2 - 2 - 2023\Inheritance 2 - 2 - 2023.csproj", "{1D73D638-FDB2-4C91-9337-223C07A1D686}"
EndProject
Project("{2150E333-8FDC-42A3-9474-1A3956D46DE8}") = "Lab 2-2-2023", "Lab 2-2-2023", "{F8DA8563-078B-40AA-AE83-4F161091D98A}"
EndProject
Project("{FAE04EC0-301F-11D3-BF4B-00C04F79EFBC}") = "Single Inheritance", "Single Inheritance\Single Inheritance.csproj", "{AA51E76E-3268-4A3A-8574-2AFE6DC28EE3}"
EndProject
Project("{FAE04EC0-301F-11D3-BF4B-00C04F79EFBC}") = "Reusing Class", "Reusing Class\Reusing Class.csproj", "{6F9342B9-4255-41F0-AE69-F1A6298FA622}"
EndProject
Global
	GlobalSection(SolutionConfigurationPlatforms) = preSolution
		Debug|Any CPU = Debug|Any CPU
		Release|Any CPU = Release|Any CPU
	EndGlobalSection
	GlobalSection(ProjectConfigurationPlatforms) = postSolution
		{82A9DD38-5A4E-4A44-B20F-78CB9B46FFDE}.Debug|Any CPU.ActiveCfg = Debug|Any CPU
		{82A9DD38-5A4E-4A44-B20F-78CB9B46FFDE}.Debug|Any CPU.Build.0 = Debug|Any CPU
		{82A9DD38-5A4E-4A44-B20F-78CB9B46FFDE}.Release|Any CPU.ActiveCfg = Release|Any CPU
		{82A9DD38-5A4E-4A44-B20F-78CB9B46FFDE}.Release|Any CPU.Build.0 = Release|Any CPU
		{9E98A53C-64E6-4730-9DB6-9B391BAC477C}.Debug|Any CPU.ActiveCfg = Debug|Any CPU
		{9E98A53C-64E6-4730-9DB6-9B391BAC477C}.Debug|Any CPU.Build.0 = Debug|Any CPU
		{9E98A53C-64E6-4730-9DB6-9B391BAC477C}.Release|Any CPU.ActiveCfg = Release|Any CPU
		{9E98A53C-64E6-4730-9DB6-9B391BAC477C}.Release|Any CPU.Build.0 = Release|Any CPU
		{189D455E-52CE-4161-8157-88158573F607}.Debug|Any CPU.ActiveCfg = Debug|Any CPU
		{189D455E-52CE-4161-8157-88158573F607}.Debug|Any CPU.Build.0 = Debug|Any CPU
		{189D455E-52CE-4161-8157-88158573F607}.Release|Any CPU.ActiveCfg = Release|Any CPU
		{189D455E-52CE-4161-8157-88158573F607}.Release|Any CPU.Build.0 = Release|Any CPU
		{91F3B34F-6A5F-48E6-BE82-2ADEE2F67B24}.Debug|Any CPU.ActiveCfg = Debug|Any CPU
		{91F3B34F-6A5F-48E6-BE82-2ADEE2F67B24}.Debug|Any CPU.Build.0 = Debug|Any CPU
		{91F3B34F-6A5F-48E6-BE82-2ADEE2F67B24}.Release|Any CPU.ActiveCfg = Release|Any CPU
		{91F3B34F-6A5F-48E6-BE82-2ADEE2F67B24}.Release|Any CPU.Build.0 = Release|Any CPU
		{96F66903-EA23-4431-94B1-72D03A0FC263}.Debug|Any CPU.ActiveCfg = Debug|Any CPU
		{96F66903-EA23-4431-94B1-72D03A0FC263}.Debug|Any CPU.Build.0 = Debug|Any CPU
		{96F66903-EA23-4431-94B1-72D03A0FC263}.Release|Any CPU.ActiveCfg = Release|Any CPU
		{96F66903-EA23-4431-94B1-72D03A0FC263}.Release|Any CPU.Build.0 = Release|Any CPU
		{EE5074F8-48E4-424D-A6CF-A1E6F2A20AE6}.Debug|Any CPU.ActiveCfg = Debug|Any CPU
		{EE5074F8-48E4-424D-A6CF-A1E6F2A20AE6}.Debug|Any CPU.Build.0 = Debug|Any CPU
		{EE5074F8-48E4-424D-A6CF-A1E6F2A20AE6}.Release|Any CPU.ActiveCfg = Release|Any CPU
		{EE5074F8-48E4-424D-A6CF-A1E6F2A20AE6}.Release|Any CPU.Build.0 = Release|Any CPU
		{1D73D638-FDB2-4C91-9337-223C07A1D686}.Debug|Any CPU.ActiveCfg = Debug|Any CPU
		{1D73D638-FDB2-4C91-9337-223C07A1D686}.Debug|Any CPU.Build.0 = Debug|Any CPU
		{1D73D638-FDB2-4C91-9337-223C07A1D686}.Release|Any CPU.ActiveCfg = Release|Any CPU
		{1D73D638-FDB2-4C91-9337-223C07A1D686}.Release|Any CPU.Build.0 = Release|Any CPU
		{AA51E76E-3268-4A3A-8574-2AFE6DC28EE3}.Debug|Any CPU.ActiveCfg = Debug|Any CPU
		{AA51E76E-3268-4A3A-8574-2AFE6DC28EE3}.Debug|Any CPU.Build.0 = Debug|Any CPU
		{AA51E76E-3268-4A3A-8574-2AFE6DC28EE3}.Release|Any CPU.ActiveCfg = Release|Any CPU
		{AA51E76E-3268-4A3A-8574-2AFE6DC28EE3}.Release|Any CPU.Build.0 = Release|Any CPU
		{6F9342B9-4255-41F0-AE69-F1A6298FA622}.Debug|Any CPU.ActiveCfg = Debug|Any CPU
		{6F9342B9-4255-41F0-AE69-F1A6298FA622}.Debug|Any CPU.Build.0 = Debug|Any CPU
		{6F9342B9-4255-41F0-AE69-F1A6298FA622}.Release|Any CPU.ActiveCfg = Release|Any CPU
		{6F9342B9-4255-41F0-AE69-F1A6298FA622}.Release|Any CPU.Build.0 = Release|Any CPU
	EndGlobalSection
	GlobalSection(SolutionProperties) = preSolution
		HideSolutionNode = FALSE
	EndGlobalSection
	GlobalSection(ExtensibilityGlobals) = postSolution
		SolutionGuid = {99C9C8B0-B9FE-4E79-82F6-CF3FCA3724BD}
	EndGlobalSection
	GlobalSection(NestedProjects) = preSolution
		{AA51E76E-3268-4A3A-8574-2AFE6DC28EE3} = {F8DA8563-078B-40AA-AE83-4F161091D98A}
		{6F9342B9-4255-41F0-AE69-F1A6298FA622} = {F8DA8563-078B-40AA-AE83-4F161091D98A}
	EndGlobalSection
EndGlobal
